
Microsoft Visual Studio Solution File, Format Version 12.00
# Visual Studio 15
VisualStudioVersion = 15.0.26403.3
MinimumVisualStudioVersion = 10.0.40219.1
Project("{FAE04EC0-301F-11D3-BF4B-00C04F79EFBC}") = "dotnetcli-talk", "dotnetcli-talk\dotnetcli-talk.csproj", "{14F5B3FD-12C0-4343-B89E-44A620B14517}"
EndProject
Project("{FAE04EC0-301F-11D3-BF4B-00C04F79EFBC}") = "ConsolePoint", "ConsolePoint\ConsolePoint.csproj", "{3DA1E4AD-5767-4AC2-89C7-6D6DC8C6946A}"
EndProject
Global
	GlobalSection(SolutionConfigurationPlatforms) = preSolution
		Debug|Any CPU = Debug|Any CPU
		Release|Any CPU = Release|Any CPU
	EndGlobalSection
	GlobalSection(ProjectConfigurationPlatforms) = postSolution
		{14F5B3FD-12C0-4343-B89E-44A620B14517}.Debug|Any CPU.ActiveCfg = Debug|Any CPU
		{14F5B3FD-12C0-4343-B89E-44A620B14517}.Debug|Any CPU.Build.0 = Debug|Any CPU
		{14F5B3FD-12C0-4343-B89E-44A620B14517}.Release|Any CPU.ActiveCfg = Release|Any CPU
		{14F5B3FD-12C0-4343-B89E-44A620B14517}.Release|Any CPU.Build.0 = Release|Any CPU
		{3DA1E4AD-5767-4AC2-89C7-6D6DC8C6946A}.Debug|Any CPU.ActiveCfg = Debug|Any CPU
		{3DA1E4AD-5767-4AC2-89C7-6D6DC8C6946A}.Debug|Any CPU.Build.0 = Debug|Any CPU
		{3DA1E4AD-5767-4AC2-89C7-6D6DC8C6946A}.Release|Any CPU.ActiveCfg = Release|Any CPU
		{3DA1E4AD-5767-4AC2-89C7-6D6DC8C6946A}.Release|Any CPU.Build.0 = Release|Any CPU
	EndGlobalSection
	GlobalSection(SolutionProperties) = preSolution
		HideSolutionNode = FALSE
	EndGlobalSection
EndGlobal
